
Microsoft Visual Studio Solution File, Format Version 12.00
# Visual Studio Version 17
VisualStudioVersion = 17.8.34525.116
MinimumVisualStudioVersion = 10.0.40219.1
Project("{9A19103F-16F7-4668-BE54-9A1E7A4F7556}") = "LicenseProxy", "LicenseProxy\LicenseProxy.csproj", "{6C20350E-D138-452E-BE78-53A8D44AB66B}"
EndProject
Project("{9A19103F-16F7-4668-BE54-9A1E7A4F7556}") = "LicenseConsumer", "LicenseConsumer\LicenseConsumer.csproj", "{684DDBD1-9628-485D-8C0D-8EAA24542D36}"
EndProject
Project("{9A19103F-16F7-4668-BE54-9A1E7A4F7556}") = "LicensingService", "LicensingService\LicensingService.csproj", "{7DD5F3EB-C3F9-4104-B4E2-F7166313B84F}"
EndProject
Global
	GlobalSection(SolutionConfigurationPlatforms) = preSolution
		Debug|Any CPU = Debug|Any CPU
		Release|Any CPU = Release|Any CPU
	EndGlobalSection
	GlobalSection(ProjectConfigurationPlatforms) = postSolution
		{6C20350E-D138-452E-BE78-53A8D44AB66B}.Debug|Any CPU.ActiveCfg = Debug|Any CPU
		{6C20350E-D138-452E-BE78-53A8D44AB66B}.Debug|Any CPU.Build.0 = Debug|Any CPU
		{6C20350E-D138-452E-BE78-53A8D44AB66B}.Release|Any CPU.ActiveCfg = Release|Any CPU
		{6C20350E-D138-452E-BE78-53A8D44AB66B}.Release|Any CPU.Build.0 = Release|Any CPU
		{684DDBD1-9628-485D-8C0D-8EAA24542D36}.Debug|Any CPU.ActiveCfg = Debug|Any CPU
		{684DDBD1-9628-485D-8C0D-8EAA24542D36}.Debug|Any CPU.Build.0 = Debug|Any CPU
		{684DDBD1-9628-485D-8C0D-8EAA24542D36}.Release|Any CPU.ActiveCfg = Release|Any CPU
		{684DDBD1-9628-485D-8C0D-8EAA24542D36}.Release|Any CPU.Build.0 = Release|Any CPU
		{7DD5F3EB-C3F9-4104-B4E2-F7166313B84F}.Debug|Any CPU.ActiveCfg = Debug|Any CPU
		{7DD5F3EB-C3F9-4104-B4E2-F7166313B84F}.Debug|Any CPU.Build.0 = Debug|Any CPU
		{7DD5F3EB-C3F9-4104-B4E2-F7166313B84F}.Release|Any CPU.ActiveCfg = Release|Any CPU
		{7DD5F3EB-C3F9-4104-B4E2-F7166313B84F}.Release|Any CPU.Build.0 = Release|Any CPU
	EndGlobalSection
	GlobalSection(SolutionProperties) = preSolution
		HideSolutionNode = FALSE
	EndGlobalSection
	GlobalSection(ExtensibilityGlobals) = postSolution
		SolutionGuid = {94862B42-BC06-4D0B-A633-B0AD04A3060A}
	EndGlobalSection
EndGlobal
